
Microsoft Visual Studio Solution File, Format Version 12.00
# Visual Studio Version 17
VisualStudioVersion = 17.9.34728.123
MinimumVisualStudioVersion = 10.0.40219.1
Project("{FAE04EC0-301F-11D3-BF4B-00C04F79EFBC}") = "Kalkulator", "Kalkulator\Kalkulator.csproj", "{2915409C-EE03-4595-BCB8-1720B8C4FAAB}"
EndProject
Global
	GlobalSection(SolutionConfigurationPlatforms) = preSolution
		Debug|Any CPU = Debug|Any CPU
		Release|Any CPU = Release|Any CPU
	EndGlobalSection
	GlobalSection(ProjectConfigurationPlatforms) = postSolution
		{2915409C-EE03-4595-BCB8-1720B8C4FAAB}.Debug|Any CPU.ActiveCfg = Debug|Any CPU
		{2915409C-EE03-4595-BCB8-1720B8C4FAAB}.Debug|Any CPU.Build.0 = Debug|Any CPU
		{2915409C-EE03-4595-BCB8-1720B8C4FAAB}.Release|Any CPU.ActiveCfg = Release|Any CPU
		{2915409C-EE03-4595-BCB8-1720B8C4FAAB}.Release|Any CPU.Build.0 = Release|Any CPU
	EndGlobalSection
	GlobalSection(SolutionProperties) = preSolution
		HideSolutionNode = FALSE
	EndGlobalSection
	GlobalSection(ExtensibilityGlobals) = postSolution
		SolutionGuid = {FE02249F-4C47-423D-A899-A054AB5CE71E}
	EndGlobalSection
EndGlobal
